
Microsoft Visual Studio Solution File, Format Version 12.00
# Visual Studio 15
VisualStudioVersion = 15.0.28010.2026
MinimumVisualStudioVersion = 10.0.40219.1
Project("{9092AA53-FB77-4645-B42D-1CCCA6BD08BD}") = "google-play-crawler", "google-play-crawler\google-play-crawler.njsproj", "{1A43D537-D1FB-4256-A02D-25CA45D81BF9}"
EndProject
Global
	GlobalSection(SolutionConfigurationPlatforms) = preSolution
		Debug|Any CPU = Debug|Any CPU
		Release|Any CPU = Release|Any CPU
	EndGlobalSection
	GlobalSection(ProjectConfigurationPlatforms) = postSolution
		{1A43D537-D1FB-4256-A02D-25CA45D81BF9}.Debug|Any CPU.ActiveCfg = Debug|Any CPU
		{1A43D537-D1FB-4256-A02D-25CA45D81BF9}.Debug|Any CPU.Build.0 = Debug|Any CPU
		{1A43D537-D1FB-4256-A02D-25CA45D81BF9}.Release|Any CPU.ActiveCfg = Release|Any CPU
		{1A43D537-D1FB-4256-A02D-25CA45D81BF9}.Release|Any CPU.Build.0 = Release|Any CPU
	EndGlobalSection
	GlobalSection(SolutionProperties) = preSolution
		HideSolutionNode = FALSE
	EndGlobalSection
	GlobalSection(ExtensibilityGlobals) = postSolution
		SolutionGuid = {0233B053-1781-431F-B275-87DD69A36B92}
	EndGlobalSection
EndGlobal
